lockfileVersion: '9.0'

settings:
  autoInstallPeers: true
  excludeLinksFromLockfile: false

importers:

  .:
    dependencies:
      '@twurple/api':
        specifier: ^7.4.0
        version: 7.4.0(@twurple/auth@7.4.0)
      '@twurple/auth':
        specifier: ^7.4.0
        version: 7.4.0
      '@twurple/chat':
        specifier: ^7.4.0
        version: 7.4.0(@twurple/auth@7.4.0)
      '@twurple/eventsub-base':
        specifier: ^7.4.0
        version: 7.4.0
      '@twurple/eventsub-ws':
        specifier: ^7.4.0
        version: 7.4.0(@twurple/api@7.4.0(@twurple/auth@7.4.0))
      ws:
        specifier: ^8.16.0
        version: 8.20.0
    devDependencies:
      '@types/node':
        specifier: ^22.0.0
        version: 22.19.17
      '@types/ws':
        specifier: ^8.5.10
        version: 8.18.1
      typescript:
        specifier: ^5.6.0
        version: 5.9.3

packages:

  '@d-fischer/cache-decorators@4.0.1':
    resolution: {integrity: sha512-HNYLBLWs/t28GFZZeqdIBqq8f37mqDIFO6xNPof94VjpKvuP6ROqCZGafx88dk5zZUlBfViV9jD8iNNlXfc4CA==}

  '@d-fischer/connection@10.0.1':
    resolution: {integrity: sha512-CRP/azUPxwWpR4yT8wOQoM9XFliTVWVAJ8h1SlFnVRAgMlPNyg88/vbDEqZ+udtSB5m8uS10XafZxMUcegMBlQ==}

  '@d-fischer/connection@9.0.0':
    resolution: {integrity: sha512-Mljp/EbaE+eYWfsFXUOk+RfpbHgrWGL/60JkAvjYixw6KREfi5r17XdUiXe54ByAQox6jwgdN2vebdmW1BT+nQ==}

  '@d-fischer/cross-fetch@5.0.5':
    resolution: {integrity: sha512-symjDUPInTrkfIsZc2n2mo9hiAJLcTJsZkNICjZajEWnWpJ3s3zn50/FY8xpNUAf5w3eFuQii2wxztTGpvG1Xg==}

  '@d-fischer/deprecate@2.0.2':
    resolution: {integrity: sha512-wlw3HwEanJFJKctwLzhfOM6LKwR70FPfGZGoKOhWBKyOPXk+3a9Cc6S9zhm6tka7xKtpmfxVIReGUwPnMbIaZg==}

  '@d-fischer/detect-node@3.0.1':
    resolution: {integrity: sha512-0Rf3XwTzuTh8+oPZW9SfxTIiL+26RRJ0BRPwj5oVjZFyFKmsj9RGfN2zuTRjOuA3FCK/jYm06HOhwNK+8Pfv8w==}

  '@d-fischer/escape-string-regexp@5.0.0':
    resolution: {integrity: sha512-7eoxnxcto5eVPW5h1T+ePnVFukmI9f/ZR9nlBLh1t3kyzJDUNor2C+YW9H/Terw3YnbZSDgDYrpCJCHtOtAQHw==}
    engines: {node: '>=10'}

  '@d-fischer/isomorphic-ws@7.0.2':
    resolution: {integrity: sha512-xK+qIJUF0ne3dsjq5Y3BviQ4M+gx9dzkN+dPP7abBMje4YRfow+X9jBgeEoTe5e+Q6+8hI9R0b37Okkk8Vf0hQ==}
    peerDependencies:
      ws: ^8.2.0

  '@d-fischer/logger@4.2.4':
    resolution: {integrity: sha512-TFMZ/SVW8xyQtyJw9Rcuci4betSKy0qbQn2B5+1+72vVXeO8Qb1pYvuwF5qr0vDGundmSWq7W8r19nVPnXXSvA==}

  '@d-fischer/qs@7.0.2':
    resolution: {integrity: sha512-yAu3xDooiL+ef84Jo8nLjDjWBRk7RXk163Y6aTvRB7FauYd3spQD/dWvgT7R4CrN54Juhrrc3dMY7mc+jZGurQ==}
    engines: {node: '>=0.6'}

  '@d-fischer/rate-limiter@1.1.0':
    resolution: {integrity: sha512-O5HgACwApyCZhp4JTEBEtbv/W3eAwEkrARFvgWnEsDmXgCMWjIHwohWoHre5BW6IYXFSHBGsuZB/EvNL3942kQ==}

  '@d-fischer/shared-utils@3.6.4':
    resolution: {integrity: sha512-BPkVLHfn2Lbyo/ENDBwtEB8JVQ+9OzkjJhUunLaxkw4k59YFlQxUUwlDBejVSFcpQT0t+D3CQlX+ySZnQj0wxw==}

  '@d-fischer/typed-event-emitter@3.3.3':
    resolution: {integrity: sha512-OvSEOa8icfdWDqcRtjSEZtgJTFOFNgTjje7zaL0+nAtu2/kZtRCSK5wUMrI/aXtCH8o0Qz2vA8UqkhWUTARFQQ==}

  '@twurple/api-call@7.4.0':
    resolution: {integrity: sha512-WNxvjp/hMqZREElbvE4rHMyUIrHdGY5cbG8xbqgSM9CESFvJ1wm5BubhyANOyKd1TxABacLddbfbO//Fz9YHgA==}

  '@twurple/api@7.4.0':
    resolution: {integrity: sha512-RlXLs4ZvS8n0+iIk7YyVDwrjhlwpn+N+h7fX5Q61HoxlmzoCShmnnFo03abYw9i8Cc3deGpbQATOSVmigXM4qg==}
    peerDependencies:
      '@twurple/auth': 7.4.0

  '@twurple/auth@7.4.0':
    resolution: {integrity: sha512-WAQV6nJGkfY7r2BkRYhnzUpdfozLvjNsCxkyNVprl4dCWdJzccnTvqkKTdDRJc5ZJxDVaB9Drzwx9/fCp/gRDA==}

  '@twurple/chat@7.4.0':
    resolution: {integrity: sha512-SYppFwnWt7I8mH/I7fF/ZPO61aBzOz7BOOHQhVWzuQ/7qgPfZnmPJmUwfMnsMmKJ95TfsScZnAWxhdwNdRe3wg==}
    peerDependencies:
      '@twurple/auth': 7.4.0

  '@twurple/common@7.4.0':
    resolution: {integrity: sha512-lX5cVkYar6jGvni6iLmMYjhxH1oPSl2v7XVeZ4C7U1GbLz/Jwk0L0uldQNGUIf9gpRHPY+TXRlk0UIpz2yo8DA==}

  '@twurple/eventsub-base@7.4.0':
    resolution: {integrity: sha512-Umx0kNZKxBUTF2/MHAlnnCuNPs8Tl1Aw8EzDJI2AW10tOiWvgeCR889fKCFBPlHXvcMYSEvsItkX+pXeZ8GkeQ==}

  '@twurple/eventsub-ws@7.4.0':
    resolution: {integrity: sha512-tA5zGmb2kK4w//V0mK5P9WXl+KwNjkXXRTv3YO8AK9sCObFag9rsqJdrBNNyx6G58NJvQzQIDtHI1U2M9q1h5w==}
    peerDependencies:
      '@twurple/api': 7.4.0

  '@types/node@20.19.39':
    resolution: {integrity: sha512-orrrD74MBUyK8jOAD/r0+lfa1I2MO6I+vAkmAWzMYbCcgrN4lCrmK52gRFQq/JRxfYPfonkr4b0jcY7Olqdqbw==}

  '@types/node@22.19.17':
    resolution: {integrity: sha512-wGdMcf+vPYM6jikpS/qhg6WiqSV/OhG+jeeHT/KlVqxYfD40iYJf9/AE1uQxVWFvU7MipKRkRv8NSHiCGgPr8Q==}

  '@types/ws@8.18.1':
    resolution: {integrity: sha512-ThVF6DCVhA8kUGy+aazFQ4kXQ7E1Ty7A3ypFOe0IcJV8O/M511G99AW24irKrW56Wt44yG9+ij8FaqoBGkuBXg==}

  ircv3@0.33.1:
    resolution: {integrity: sha512-FPUj/q6zsLgIX6QDdLMjPRBObw0xK+k6eiI62dcTRwdl5aezYV0nuMhpmafyHOD6ZDqfw8DW4ayrvDfmYO65JQ==}

  klona@2.0.6:
    resolution: {integrity: sha512-dhG34DXATL5hSxJbIexCft8FChFXtmskoZYnoPWjXQuebWYCNkVeV3KkGegCK9CP1oswI/vQibS2GY7Em/sJJA==}
    engines: {node: '>= 8'}

  node-fetch@2.7.0:
    resolution: {integrity: sha512-c4FRfUm/dbcWZ7U+1Wq0AwCyFL+3nt2bEw05wfxSz+DWpWsitgmSgYmy2dQdWyKC1694ELPqMs/YzUSNozLt8A==}
    engines: {node: 4.x || >=6.0.0}
    peerDependencies:
      encoding: ^0.1.0
    peerDependenciesMeta:
      encoding:
        optional: true

  retry@0.13.1:
    resolution: {integrity: sha512-XQBQ3I8W1Cge0Seh+6gjj03LbmRFWuoszgK9ooCpwYIrhhoO80pfq4cUkU5DkknwfOfFteRwlZ56PYOGYyFWdg==}
    engines: {node: '>= 4'}

  tr46@0.0.3:
    resolution: {integrity: sha512-N3WMsuqV66lT30CrXNbEjx4GEwlow3v6rr4mCcv6prnfwhS01rkgyFdjPNBYd9br7LpXV1+Emh01fHnq2Gdgrw==}

  tslib@2.8.1:
    resolution: {integrity: sha512-oJFu94HQb+KVduSUQL7wnpmqnfmLsOA/nAh6b6EH0wCEoK0/mPeXU6c3wKDV83MkOuHPRHtSXKKU99IBazS/2w==}

  typescript@5.9.3:
    resolution: {integrity: sha512-jl1vZzPDinLr9eUt3J/t7V6FgNEw9QjvBPdysz9KfQDD41fQrC2Y4vKQdiaUpFT4bXlb1RHhLpp8wtm6M5TgSw==}
    engines: {node: '>=14.17'}
    hasBin: true

  undici-types@6.21.0:
    resolution: {integrity: sha512-iwDZqg0QAGrg9Rav5H4n0M64c3mkR59cJ6wQp+7C4nI0gsmExaedaYLNO44eT4AtBBwjbTiGPMlt2Md0T9H9JQ==}

  webidl-conversions@3.0.1:
    resolution: {integrity: sha512-2JAn3z8AR6rjK8Sm8orRC0h/bcl/DqL7tRPdGZ4I1CjdF+EaMLmYxBHyXuKL849eucPFhvBoxMsflfOb8kxaeQ==}

  whatwg-url@5.0.0:
    resolution: {integrity: sha512-saE57nupxk6v3HY35+jzBwYa0rKSy0XR8JSxZPwgLr7ys0IBzhGviA1/TUGJLmSVqs8pb9AnvICXEuOHLprYTw==}

  ws@8.20.0:
    resolution: {integrity: sha512-sAt8BhgNbzCtgGbt2OxmpuryO63ZoDk/sqaB/znQm94T4fCEsy/yV+7CdC1kJhOU9lboAEU7R3kquuycDoibVA==}
    engines: {node: '>=10.0.0'}
    peerDependencies:
      bufferutil: ^4.0.1
      utf-8-validate: '>=5.0.2'
    peerDependenciesMeta:
      bufferutil:
        optional: true
      utf-8-validate:
        optional: true

snapshots:

  '@d-fischer/cache-decorators@4.0.1':
    dependencies:
      '@d-fischer/shared-utils': 3.6.4
      tslib: 2.8.1

  '@d-fischer/connection@10.0.1':
    dependencies:
      '@d-fischer/isomorphic-ws': 7.0.2(ws@8.20.0)
      '@d-fischer/logger': 4.2.4
      '@d-fischer/shared-utils': 3.6.4
      '@d-fischer/typed-event-emitter': 3.3.3
      '@types/node': 20.19.39
      '@types/ws': 8.18.1
      tslib: 2.8.1
      ws: 8.20.0
    transitivePeerDependencies:
      - bufferutil
      - utf-8-validate

  '@d-fischer/connection@9.0.0':
    dependencies:
      '@d-fischer/isomorphic-ws': 7.0.2(ws@8.20.0)
      '@d-fischer/logger': 4.2.4
      '@d-fischer/shared-utils': 3.6.4
      '@d-fischer/typed-event-emitter': 3.3.3
      '@types/ws': 8.18.1
      tslib: 2.8.1
      ws: 8.20.0
    transitivePeerDependencies:
      - bufferutil
      - utf-8-validate

  '@d-fischer/cross-fetch@5.0.5':
    dependencies:
      node-fetch: 2.7.0
    transitivePeerDependencies:
      - encoding

  '@d-fischer/deprecate@2.0.2': {}

  '@d-fischer/detect-node@3.0.1': {}

  '@d-fischer/escape-string-regexp@5.0.0': {}

  '@d-fischer/isomorphic-ws@7.0.2(ws@8.20.0)':
    dependencies:
      ws: 8.20.0

  '@d-fischer/logger@4.2.4':
    dependencies:
      '@d-fischer/detect-node': 3.0.1
      '@d-fischer/shared-utils': 3.6.4
      tslib: 2.8.1

  '@d-fischer/qs@7.0.2': {}

  '@d-fischer/rate-limiter@1.1.0':
    dependencies:
      '@d-fischer/logger': 4.2.4
      '@d-fischer/shared-utils': 3.6.4
      tslib: 2.8.1

  '@d-fischer/shared-utils@3.6.4':
    dependencies:
      tslib: 2.8.1

  '@d-fischer/typed-event-emitter@3.3.3':
    dependencies:
      tslib: 2.8.1

  '@twurple/api-call@7.4.0':
    dependencies:
      '@d-fischer/cross-fetch': 5.0.5
      '@d-fischer/qs': 7.0.2
      '@d-fischer/shared-utils': 3.6.4
      '@twurple/common': 7.4.0
      tslib: 2.8.1
    transitivePeerDependencies:
      - encoding

  '@twurple/api@7.4.0(@twurple/auth@7.4.0)':
    dependencies:
      '@d-fischer/cache-decorators': 4.0.1
      '@d-fischer/cross-fetch': 5.0.5
      '@d-fischer/detect-node': 3.0.1
      '@d-fischer/logger': 4.2.4
      '@d-fischer/rate-limiter': 1.1.0
      '@d-fischer/shared-utils': 3.6.4
      '@d-fischer/typed-event-emitter': 3.3.3
      '@twurple/api-call': 7.4.0
      '@twurple/auth': 7.4.0
      '@twurple/common': 7.4.0
      retry: 0.13.1
      tslib: 2.8.1
    transitivePeerDependencies:
      - encoding

  '@twurple/auth@7.4.0':
    dependencies:
      '@d-fischer/logger': 4.2.4
      '@d-fischer/shared-utils': 3.6.4
      '@d-fischer/typed-event-emitter': 3.3.3
      '@twurple/api-call': 7.4.0
      '@twurple/common': 7.4.0
      tslib: 2.8.1
    transitivePeerDependencies:
      - encoding

  '@twurple/chat@7.4.0(@twurple/auth@7.4.0)':
    dependencies:
      '@d-fischer/cache-decorators': 4.0.1
      '@d-fischer/deprecate': 2.0.2
      '@d-fischer/logger': 4.2.4
      '@d-fischer/rate-limiter': 1.1.0
      '@d-fischer/shared-utils': 3.6.4
      '@d-fischer/typed-event-emitter': 3.3.3
      '@twurple/auth': 7.4.0
      '@twurple/common': 7.4.0
      ircv3: 0.33.1
      tslib: 2.8.1
    transitivePeerDependencies:
      - bufferutil
      - utf-8-validate

  '@twurple/common@7.4.0':
    dependencies:
      '@d-fischer/shared-utils': 3.6.4
      klona: 2.0.6
      tslib: 2.8.1

  '@twurple/eventsub-base@7.4.0':
    dependencies:
      '@d-fischer/logger': 4.2.4
      '@d-fischer/shared-utils': 3.6.4
      '@d-fischer/typed-event-emitter': 3.3.3
      '@twurple/api': 7.4.0(@twurple/auth@7.4.0)
      '@twurple/auth': 7.4.0
      '@twurple/common': 7.4.0
      tslib: 2.8.1
    transitivePeerDependencies:
      - encoding

  '@twurple/eventsub-ws@7.4.0(@twurple/api@7.4.0(@twurple/auth@7.4.0))':
    dependencies:
      '@d-fischer/connection': 9.0.0
      '@d-fischer/logger': 4.2.4
      '@d-fischer/shared-utils': 3.6.4
      '@d-fischer/typed-event-emitter': 3.3.3
      '@twurple/api': 7.4.0(@twurple/auth@7.4.0)
      '@twurple/auth': 7.4.0
      '@twurple/common': 7.4.0
      '@twurple/eventsub-base': 7.4.0
      tslib: 2.8.1
    transitivePeerDependencies:
      - bufferutil
      - encoding
      - utf-8-validate

  '@types/node@20.19.39':
    dependencies:
      undici-types: 6.21.0

  '@types/node@22.19.17':
    dependencies:
      undici-types: 6.21.0

  '@types/ws@8.18.1':
    dependencies:
      '@types/node': 22.19.17

  ircv3@0.33.1:
    dependencies:
      '@d-fischer/connection': 10.0.1
      '@d-fischer/escape-string-regexp': 5.0.0
      '@d-fischer/logger': 4.2.4
      '@d-fischer/shared-utils': 3.6.4
      '@d-fischer/typed-event-emitter': 3.3.3
      klona: 2.0.6
      tslib: 2.8.1
    transitivePeerDependencies:
      - bufferutil
      - utf-8-validate

  klona@2.0.6: {}

  node-fetch@2.7.0:
    dependencies:
      whatwg-url: 5.0.0

  retry@0.13.1: {}

  tr46@0.0.3: {}

  tslib@2.8.1: {}

  typescript@5.9.3: {}

  undici-types@6.21.0: {}

  webidl-conversions@3.0.1: {}

  whatwg-url@5.0.0:
    dependencies:
      tr46: 0.0.3
      webidl-conversions: 3.0.1

  ws@8.20.0: {}
