lockfileVersion: '9.0'

settings:
  autoInstallPeers: true
  excludeLinksFromLockfile: false

importers:

  .:
    dependencies:
      '@napi-rs/canvas':
        specifier: ^0.1.56
        version: 0.1.97
      '@twurple/api':
        specifier: ^7.4.0
        version: 7.4.0(@twurple/auth@7.4.0)
      '@twurple/auth':
        specifier: ^7.4.0
        version: 7.4.0
      '@twurple/chat':
        specifier: ^7.4.0
        version: 7.4.0(@twurple/auth@7.4.0)
      '@twurple/eventsub-base':
        specifier: ^7.4.0
        version: 7.4.0
      '@twurple/eventsub-ws':
        specifier: ^7.4.0
        version: 7.4.0(@twurple/api@7.4.0(@twurple/auth@7.4.0))
      sharp:
        specifier: ^0.34.5
        version: 0.34.5
      ws:
        specifier: ^8.16.0
        version: 8.20.0
    devDependencies:
      '@types/node':
        specifier: ^22.0.0
        version: 22.19.17
      '@types/ws':
        specifier: ^8.5.10
        version: 8.18.1
      typescript:
        specifier: ^5.6.0
        version: 5.9.3

packages:

  '@d-fischer/cache-decorators@4.0.1':
    resolution: {integrity: sha512-HNYLBLWs/t28GFZZeqdIBqq8f37mqDIFO6xNPof94VjpKvuP6ROqCZGafx88dk5zZUlBfViV9jD8iNNlXfc4CA==}

  '@d-fischer/connection@10.0.1':
    resolution: {integrity: sha512-CRP/azUPxwWpR4yT8wOQoM9XFliTVWVAJ8h1SlFnVRAgMlPNyg88/vbDEqZ+udtSB5m8uS10XafZxMUcegMBlQ==}

  '@d-fischer/connection@9.0.0':
    resolution: {integrity: sha512-Mljp/EbaE+eYWfsFXUOk+RfpbHgrWGL/60JkAvjYixw6KREfi5r17XdUiXe54ByAQox6jwgdN2vebdmW1BT+nQ==}

  '@d-fischer/cross-fetch@5.0.5':
    resolution: {integrity: sha512-symjDUPInTrkfIsZc2n2mo9hiAJLcTJsZkNICjZajEWnWpJ3s3zn50/FY8xpNUAf5w3eFuQii2wxztTGpvG1Xg==}

  '@d-fischer/deprecate@2.0.2':
    resolution: {integrity: sha512-wlw3HwEanJFJKctwLzhfOM6LKwR70FPfGZGoKOhWBKyOPXk+3a9Cc6S9zhm6tka7xKtpmfxVIReGUwPnMbIaZg==}

  '@d-fischer/detect-node@3.0.1':
    resolution: {integrity: sha512-0Rf3XwTzuTh8+oPZW9SfxTIiL+26RRJ0BRPwj5oVjZFyFKmsj9RGfN2zuTRjOuA3FCK/jYm06HOhwNK+8Pfv8w==}

  '@d-fischer/escape-string-regexp@5.0.0':
    resolution: {integrity: sha512-7eoxnxcto5eVPW5h1T+ePnVFukmI9f/ZR9nlBLh1t3kyzJDUNor2C+YW9H/Terw3YnbZSDgDYrpCJCHtOtAQHw==}
    engines: {node: '>=10'}

  '@d-fischer/isomorphic-ws@7.0.2':
    resolution: {integrity: sha512-xK+qIJUF0ne3dsjq5Y3BviQ4M+gx9dzkN+dPP7abBMje4YRfow+X9jBgeEoTe5e+Q6+8hI9R0b37Okkk8Vf0hQ==}
    peerDependencies:
      ws: ^8.2.0

  '@d-fischer/logger@4.2.4':
    resolution: {integrity: sha512-TFMZ/SVW8xyQtyJw9Rcuci4betSKy0qbQn2B5+1+72vVXeO8Qb1pYvuwF5qr0vDGundmSWq7W8r19nVPnXXSvA==}

  '@d-fischer/qs@7.0.2':
    resolution: {integrity: sha512-yAu3xDooiL+ef84Jo8nLjDjWBRk7RXk163Y6aTvRB7FauYd3spQD/dWvgT7R4CrN54Juhrrc3dMY7mc+jZGurQ==}
    engines: {node: '>=0.6'}

  '@d-fischer/rate-limiter@1.1.0':
    resolution: {integrity: sha512-O5HgACwApyCZhp4JTEBEtbv/W3eAwEkrARFvgWnEsDmXgCMWjIHwohWoHre5BW6IYXFSHBGsuZB/EvNL3942kQ==}

  '@d-fischer/shared-utils@3.6.4':
    resolution: {integrity: sha512-BPkVLHfn2Lbyo/ENDBwtEB8JVQ+9OzkjJhUunLaxkw4k59YFlQxUUwlDBejVSFcpQT0t+D3CQlX+ySZnQj0wxw==}

  '@d-fischer/typed-event-emitter@3.3.3':
    resolution: {integrity: sha512-OvSEOa8icfdWDqcRtjSEZtgJTFOFNgTjje7zaL0+nAtu2/kZtRCSK5wUMrI/aXtCH8o0Qz2vA8UqkhWUTARFQQ==}

  '@emnapi/runtime@1.9.2':
    resolution: {integrity: sha512-3U4+MIWHImeyu1wnmVygh5WlgfYDtyf0k8AbLhMFxOipihf6nrWC4syIm/SwEeec0mNSafiiNnMJwbza/Is6Lw==}

  '@img/colour@1.1.0':
    resolution: {integrity: sha512-Td76q7j57o/tLVdgS746cYARfSyxk8iEfRxewL9h4OMzYhbW4TAcppl0mT4eyqXddh6L/jwoM75mo7ixa/pCeQ==}
    engines: {node: '>=18'}

  '@img/sharp-darwin-arm64@0.34.5':
    resolution: {integrity: sha512-imtQ3WMJXbMY4fxb/Ndp6HBTNVtWCUI0WdobyheGf5+ad6xX8VIDO8u2xE4qc/fr08CKG/7dDseFtn6M6g/r3w==}
    engines: {node: ^18.17.0 || ^20.3.0 || >=21.0.0}
    cpu: [arm64]
    os: [darwin]

  '@img/sharp-darwin-x64@0.34.5':
    resolution: {integrity: sha512-YNEFAF/4KQ/PeW0N+r+aVVsoIY0/qxxikF2SWdp+NRkmMB7y9LBZAVqQ4yhGCm/H3H270OSykqmQMKLBhBJDEw==}
    engines: {node: ^18.17.0 || ^20.3.0 || >=21.0.0}
    cpu: [x64]
    os: [darwin]

  '@img/sharp-libvips-darwin-arm64@1.2.4':
    resolution: {integrity: sha512-zqjjo7RatFfFoP0MkQ51jfuFZBnVE2pRiaydKJ1G/rHZvnsrHAOcQALIi9sA5co5xenQdTugCvtb1cuf78Vf4g==}
    cpu: [arm64]
    os: [darwin]

  '@img/sharp-libvips-darwin-x64@1.2.4':
    resolution: {integrity: sha512-1IOd5xfVhlGwX+zXv2N93k0yMONvUlANylbJw1eTah8K/Jtpi15KC+WSiaX/nBmbm2HxRM1gZ0nSdjSsrZbGKg==}
    cpu: [x64]
    os: [darwin]

  '@img/sharp-libvips-linux-arm64@1.2.4':
    resolution: {integrity: sha512-excjX8DfsIcJ10x1Kzr4RcWe1edC9PquDRRPx3YVCvQv+U5p7Yin2s32ftzikXojb1PIFc/9Mt28/y+iRklkrw==}
    cpu: [arm64]
    os: [linux]
    libc: [glibc]

  '@img/sharp-libvips-linux-arm@1.2.4':
    resolution: {integrity: sha512-bFI7xcKFELdiNCVov8e44Ia4u2byA+l3XtsAj+Q8tfCwO6BQ8iDojYdvoPMqsKDkuoOo+X6HZA0s0q11ANMQ8A==}
    cpu: [arm]
    os: [linux]
    libc: [glibc]

  '@img/sharp-libvips-linux-ppc64@1.2.4':
    resolution: {integrity: sha512-FMuvGijLDYG6lW+b/UvyilUWu5Ayu+3r2d1S8notiGCIyYU/76eig1UfMmkZ7vwgOrzKzlQbFSuQfgm7GYUPpA==}
    cpu: [ppc64]
    os: [linux]
    libc: [glibc]

  '@img/sharp-libvips-linux-riscv64@1.2.4':
    resolution: {integrity: sha512-oVDbcR4zUC0ce82teubSm+x6ETixtKZBh/qbREIOcI3cULzDyb18Sr/Wcyx7NRQeQzOiHTNbZFF1UwPS2scyGA==}
    cpu: [riscv64]
    os: [linux]
    libc: [glibc]

  '@img/sharp-libvips-linux-s390x@1.2.4':
    resolution: {integrity: sha512-qmp9VrzgPgMoGZyPvrQHqk02uyjA0/QrTO26Tqk6l4ZV0MPWIW6LTkqOIov+J1yEu7MbFQaDpwdwJKhbJvuRxQ==}
    cpu: [s390x]
    os: [linux]
    libc: [glibc]

  '@img/sharp-libvips-linux-x64@1.2.4':
    resolution: {integrity: sha512-tJxiiLsmHc9Ax1bz3oaOYBURTXGIRDODBqhveVHonrHJ9/+k89qbLl0bcJns+e4t4rvaNBxaEZsFtSfAdquPrw==}
    cpu: [x64]
    os: [linux]
    libc: [glibc]

  '@img/sharp-libvips-linuxmusl-arm64@1.2.4':
    resolution: {integrity: sha512-FVQHuwx1IIuNow9QAbYUzJ+En8KcVm9Lk5+uGUQJHaZmMECZmOlix9HnH7n1TRkXMS0pGxIJokIVB9SuqZGGXw==}
    cpu: [arm64]
    os: [linux]
    libc: [musl]

  '@img/sharp-libvips-linuxmusl-x64@1.2.4':
    resolution: {integrity: sha512-+LpyBk7L44ZIXwz/VYfglaX/okxezESc6UxDSoyo2Ks6Jxc4Y7sGjpgU9s4PMgqgjj1gZCylTieNamqA1MF7Dg==}
    cpu: [x64]
    os: [linux]
    libc: [musl]

  '@img/sharp-linux-arm64@0.34.5':
    resolution: {integrity: sha512-bKQzaJRY/bkPOXyKx5EVup7qkaojECG6NLYswgktOZjaXecSAeCWiZwwiFf3/Y+O1HrauiE3FVsGxFg8c24rZg==}
    engines: {node: ^18.17.0 || ^20.3.0 || >=21.0.0}
    cpu: [arm64]
    os: [linux]
    libc: [glibc]

  '@img/sharp-linux-arm@0.34.5':
    resolution: {integrity: sha512-9dLqsvwtg1uuXBGZKsxem9595+ujv0sJ6Vi8wcTANSFpwV/GONat5eCkzQo/1O6zRIkh0m/8+5BjrRr7jDUSZw==}
    engines: {node: ^18.17.0 || ^20.3.0 || >=21.0.0}
    cpu: [arm]
    os: [linux]
    libc: [glibc]

  '@img/sharp-linux-ppc64@0.34.5':
    resolution: {integrity: sha512-7zznwNaqW6YtsfrGGDA6BRkISKAAE1Jo0QdpNYXNMHu2+0dTrPflTLNkpc8l7MUP5M16ZJcUvysVWWrMefZquA==}
    engines: {node: ^18.17.0 || ^20.3.0 || >=21.0.0}
    cpu: [ppc64]
    os: [linux]
    libc: [glibc]

  '@img/sharp-linux-riscv64@0.34.5':
    resolution: {integrity: sha512-51gJuLPTKa7piYPaVs8GmByo7/U7/7TZOq+cnXJIHZKavIRHAP77e3N2HEl3dgiqdD/w0yUfiJnII77PuDDFdw==}
    engines: {node: ^18.17.0 || ^20.3.0 || >=21.0.0}
    cpu: [riscv64]
    os: [linux]
    libc: [glibc]

  '@img/sharp-linux-s390x@0.34.5':
    resolution: {integrity: sha512-nQtCk0PdKfho3eC5MrbQoigJ2gd1CgddUMkabUj+rBevs8tZ2cULOx46E7oyX+04WGfABgIwmMC0VqieTiR4jg==}
    engines: {node: ^18.17.0 || ^20.3.0 || >=21.0.0}
    cpu: [s390x]
    os: [linux]
    libc: [glibc]

  '@img/sharp-linux-x64@0.34.5':
    resolution: {integrity: sha512-MEzd8HPKxVxVenwAa+JRPwEC7QFjoPWuS5NZnBt6B3pu7EG2Ge0id1oLHZpPJdn3OQK+BQDiw9zStiHBTJQQQQ==}
    engines: {node: ^18.17.0 || ^20.3.0 || >=21.0.0}
    cpu: [x64]
    os: [linux]
    libc: [glibc]

  '@img/sharp-linuxmusl-arm64@0.34.5':
    resolution: {integrity: sha512-fprJR6GtRsMt6Kyfq44IsChVZeGN97gTD331weR1ex1c1rypDEABN6Tm2xa1wE6lYb5DdEnk03NZPqA7Id21yg==}
    engines: {node: ^18.17.0 || ^20.3.0 || >=21.0.0}
    cpu: [arm64]
    os: [linux]
    libc: [musl]

  '@img/sharp-linuxmusl-x64@0.34.5':
    resolution: {integrity: sha512-Jg8wNT1MUzIvhBFxViqrEhWDGzqymo3sV7z7ZsaWbZNDLXRJZoRGrjulp60YYtV4wfY8VIKcWidjojlLcWrd8Q==}
    engines: {node: ^18.17.0 || ^20.3.0 || >=21.0.0}
    cpu: [x64]
    os: [linux]
    libc: [musl]

  '@img/sharp-wasm32@0.34.5':
    resolution: {integrity: sha512-OdWTEiVkY2PHwqkbBI8frFxQQFekHaSSkUIJkwzclWZe64O1X4UlUjqqqLaPbUpMOQk6FBu/HtlGXNblIs0huw==}
    engines: {node: ^18.17.0 || ^20.3.0 || >=21.0.0}
    cpu: [wasm32]

  '@img/sharp-win32-arm64@0.34.5':
    resolution: {integrity: sha512-WQ3AgWCWYSb2yt+IG8mnC6Jdk9Whs7O0gxphblsLvdhSpSTtmu69ZG1Gkb6NuvxsNACwiPV6cNSZNzt0KPsw7g==}
    engines: {node: ^18.17.0 || ^20.3.0 || >=21.0.0}
    cpu: [arm64]
    os: [win32]

  '@img/sharp-win32-ia32@0.34.5':
    resolution: {integrity: sha512-FV9m/7NmeCmSHDD5j4+4pNI8Cp3aW+JvLoXcTUo0IqyjSfAZJ8dIUmijx1qaJsIiU+Hosw6xM5KijAWRJCSgNg==}
    engines: {node: ^18.17.0 || ^20.3.0 || >=21.0.0}
    cpu: [ia32]
    os: [win32]

  '@img/sharp-win32-x64@0.34.5':
    resolution: {integrity: sha512-+29YMsqY2/9eFEiW93eqWnuLcWcufowXewwSNIT6UwZdUUCrM3oFjMWH/Z6/TMmb4hlFenmfAVbpWeup2jryCw==}
    engines: {node: ^18.17.0 || ^20.3.0 || >=21.0.0}
    cpu: [x64]
    os: [win32]

  '@napi-rs/canvas-android-arm64@0.1.97':
    resolution: {integrity: sha512-V1c/WVw+NzH8vk7ZK/O8/nyBSCQimU8sfMsB/9qeSvdkGKNU7+mxy/bIF0gTgeBFmHpj30S4E9WHMSrxXGQuVQ==}
    engines: {node: '>= 10'}
    cpu: [arm64]
    os: [android]

  '@napi-rs/canvas-darwin-arm64@0.1.97':
    resolution: {integrity: sha512-ok+SCEF4YejcxuJ9Rm+WWunHHpf2HmiPxfz6z1a/NFQECGXtsY7A4B8XocK1LmT1D7P174MzwPF9Wy3AUAwEPw==}
    engines: {node: '>= 10'}
    cpu: [arm64]
    os: [darwin]

  '@napi-rs/canvas-darwin-x64@0.1.97':
    resolution: {integrity: sha512-PUP6e6/UGlclUvAQNnuXCcnkpdUou6VYZfQOQxExLp86epOylmiwLkqXIvpFmjoTEDmPmXrI+coL/9EFU1gKPA==}
    engines: {node: '>= 10'}
    cpu: [x64]
    os: [darwin]

  '@napi-rs/canvas-linux-arm-gnueabihf@0.1.97':
    resolution: {integrity: sha512-XyXH2L/cic8eTNtbrXCcvqHtMX/nEOxN18+7rMrAM2XtLYC/EB5s0wnO1FsLMWmK+04ZSLN9FBGipo7kpIkcOw==}
    engines: {node: '>= 10'}
    cpu: [arm]
    os: [linux]

  '@napi-rs/canvas-linux-arm64-gnu@0.1.97':
    resolution: {integrity: sha512-Kuq/M3djq0K8ktgz6nPlK7Ne5d4uWeDxPpyKWOjWDK2RIOhHVtLtyLiJw2fuldw7Vn4mhw05EZXCEr4Q76rs9w==}
    engines: {node: '>= 10'}
    cpu: [arm64]
    os: [linux]
    libc: [glibc]

  '@napi-rs/canvas-linux-arm64-musl@0.1.97':
    resolution: {integrity: sha512-kKmSkQVnWeqg7qdsiXvYxKhAFuHz3tkBjW/zyQv5YKUPhotpaVhpBGv5LqCngzyuRV85SXoe+OFj+Tv0a0QXkQ==}
    engines: {node: '>= 10'}
    cpu: [arm64]
    os: [linux]
    libc: [musl]

  '@napi-rs/canvas-linux-riscv64-gnu@0.1.97':
    resolution: {integrity: sha512-Jc7I3A51jnEOIAXeLsN/M/+Z28LUeakcsXs07FLq9prXc0eYOtVwsDEv913Gr+06IRo34gJJVgT0TXvmz+N2VA==}
    engines: {node: '>= 10'}
    cpu: [riscv64]
    os: [linux]
    libc: [glibc]

  '@napi-rs/canvas-linux-x64-gnu@0.1.97':
    resolution: {integrity: sha512-iDUBe7AilfuBSRbSa8/IGX38Mf+iCSBqoVKLSQ5XaY2JLOaqz1TVyPFEyIck7wT6mRQhQt5sN6ogfjIDfi74tg==}
    engines: {node: '>= 10'}
    cpu: [x64]
    os: [linux]
    libc: [glibc]

  '@napi-rs/canvas-linux-x64-musl@0.1.97':
    resolution: {integrity: sha512-AKLFd/v0Z5fvgqBDqhvqtAdx+fHMJ5t9JcUNKq4FIZ5WH+iegGm8HPdj00NFlCSnm83Fp3Ln8I2f7uq1aIiWaA==}
    engines: {node: '>= 10'}
    cpu: [x64]
    os: [linux]
    libc: [musl]

  '@napi-rs/canvas-win32-arm64-msvc@0.1.97':
    resolution: {integrity: sha512-u883Yr6A6fO7Vpsy9YE4FVCIxzzo5sO+7pIUjjoDLjS3vQaNMkVzx5bdIpEL+ob+gU88WDK4VcxYMZ6nmnoX9A==}
    engines: {node: '>= 10'}
    cpu: [arm64]
    os: [win32]

  '@napi-rs/canvas-win32-x64-msvc@0.1.97':
    resolution: {integrity: sha512-sWtD2EE3fV0IzN+iiQUqr/Q1SwqWhs2O1FKItFlxtdDkikpEj5g7DKQpY3x55H/MAOnL8iomnlk3mcEeGiUMoQ==}
    engines: {node: '>= 10'}
    cpu: [x64]
    os: [win32]

  '@napi-rs/canvas@0.1.97':
    resolution: {integrity: sha512-8cFniXvrIEnVwuNSRCW9wirRZbHvrD3JVujdS2P5n5xiJZNZMOZcfOvJ1pb66c7jXMKHHglJEDVJGbm8XWFcXQ==}
    engines: {node: '>= 10'}

  '@twurple/api-call@7.4.0':
    resolution: {integrity: sha512-WNxvjp/hMqZREElbvE4rHMyUIrHdGY5cbG8xbqgSM9CESFvJ1wm5BubhyANOyKd1TxABacLddbfbO//Fz9YHgA==}

  '@twurple/api@7.4.0':
    resolution: {integrity: sha512-RlXLs4ZvS8n0+iIk7YyVDwrjhlwpn+N+h7fX5Q61HoxlmzoCShmnnFo03abYw9i8Cc3deGpbQATOSVmigXM4qg==}
    peerDependencies:
      '@twurple/auth': 7.4.0

  '@twurple/auth@7.4.0':
    resolution: {integrity: sha512-WAQV6nJGkfY7r2BkRYhnzUpdfozLvjNsCxkyNVprl4dCWdJzccnTvqkKTdDRJc5ZJxDVaB9Drzwx9/fCp/gRDA==}

  '@twurple/chat@7.4.0':
    resolution: {integrity: sha512-SYppFwnWt7I8mH/I7fF/ZPO61aBzOz7BOOHQhVWzuQ/7qgPfZnmPJmUwfMnsMmKJ95TfsScZnAWxhdwNdRe3wg==}
    peerDependencies:
      '@twurple/auth': 7.4.0

  '@twurple/common@7.4.0':
    resolution: {integrity: sha512-lX5cVkYar6jGvni6iLmMYjhxH1oPSl2v7XVeZ4C7U1GbLz/Jwk0L0uldQNGUIf9gpRHPY+TXRlk0UIpz2yo8DA==}

  '@twurple/eventsub-base@7.4.0':
    resolution: {integrity: sha512-Umx0kNZKxBUTF2/MHAlnnCuNPs8Tl1Aw8EzDJI2AW10tOiWvgeCR889fKCFBPlHXvcMYSEvsItkX+pXeZ8GkeQ==}

  '@twurple/eventsub-ws@7.4.0':
    resolution: {integrity: sha512-tA5zGmb2kK4w//V0mK5P9WXl+KwNjkXXRTv3YO8AK9sCObFag9rsqJdrBNNyx6G58NJvQzQIDtHI1U2M9q1h5w==}
    peerDependencies:
      '@twurple/api': 7.4.0

  '@types/node@20.19.39':
    resolution: {integrity: sha512-orrrD74MBUyK8jOAD/r0+lfa1I2MO6I+vAkmAWzMYbCcgrN4lCrmK52gRFQq/JRxfYPfonkr4b0jcY7Olqdqbw==}

  '@types/node@22.19.17':
    resolution: {integrity: sha512-wGdMcf+vPYM6jikpS/qhg6WiqSV/OhG+jeeHT/KlVqxYfD40iYJf9/AE1uQxVWFvU7MipKRkRv8NSHiCGgPr8Q==}

  '@types/ws@8.18.1':
    resolution: {integrity: sha512-ThVF6DCVhA8kUGy+aazFQ4kXQ7E1Ty7A3ypFOe0IcJV8O/M511G99AW24irKrW56Wt44yG9+ij8FaqoBGkuBXg==}

  detect-libc@2.1.2:
    resolution: {integrity: sha512-Btj2BOOO83o3WyH59e8MgXsxEQVcarkUOpEYrubB0urwnN10yQ364rsiByU11nZlqWYZm05i/of7io4mzihBtQ==}
    engines: {node: '>=8'}

  ircv3@0.33.1:
    resolution: {integrity: sha512-FPUj/q6zsLgIX6QDdLMjPRBObw0xK+k6eiI62dcTRwdl5aezYV0nuMhpmafyHOD6ZDqfw8DW4ayrvDfmYO65JQ==}

  klona@2.0.6:
    resolution: {integrity: sha512-dhG34DXATL5hSxJbIexCft8FChFXtmskoZYnoPWjXQuebWYCNkVeV3KkGegCK9CP1oswI/vQibS2GY7Em/sJJA==}
    engines: {node: '>= 8'}

  node-fetch@2.7.0:
    resolution: {integrity: sha512-c4FRfUm/dbcWZ7U+1Wq0AwCyFL+3nt2bEw05wfxSz+DWpWsitgmSgYmy2dQdWyKC1694ELPqMs/YzUSNozLt8A==}
    engines: {node: 4.x || >=6.0.0}
    peerDependencies:
      encoding: ^0.1.0
    peerDependenciesMeta:
      encoding:
        optional: true

  retry@0.13.1:
    resolution: {integrity: sha512-XQBQ3I8W1Cge0Seh+6gjj03LbmRFWuoszgK9ooCpwYIrhhoO80pfq4cUkU5DkknwfOfFteRwlZ56PYOGYyFWdg==}
    engines: {node: '>= 4'}

  semver@7.7.4:
    resolution: {integrity: sha512-vFKC2IEtQnVhpT78h1Yp8wzwrf8CM+MzKMHGJZfBtzhZNycRFnXsHk6E5TxIkkMsgNS7mdX3AGB7x2QM2di4lA==}
    engines: {node: '>=10'}
    hasBin: true

  sharp@0.34.5:
    resolution: {integrity: sha512-Ou9I5Ft9WNcCbXrU9cMgPBcCK8LiwLqcbywW3t4oDV37n1pzpuNLsYiAV8eODnjbtQlSDwZ2cUEeQz4E54Hltg==}
    engines: {node: ^18.17.0 || ^20.3.0 || >=21.0.0}

  tr46@0.0.3:
    resolution: {integrity: sha512-N3WMsuqV66lT30CrXNbEjx4GEwlow3v6rr4mCcv6prnfwhS01rkgyFdjPNBYd9br7LpXV1+Emh01fHnq2Gdgrw==}

  tslib@2.8.1:
    resolution: {integrity: sha512-oJFu94HQb+KVduSUQL7wnpmqnfmLsOA/nAh6b6EH0wCEoK0/mPeXU6c3wKDV83MkOuHPRHtSXKKU99IBazS/2w==}

  typescript@5.9.3:
    resolution: {integrity: sha512-jl1vZzPDinLr9eUt3J/t7V6FgNEw9QjvBPdysz9KfQDD41fQrC2Y4vKQdiaUpFT4bXlb1RHhLpp8wtm6M5TgSw==}
    engines: {node: '>=14.17'}
    hasBin: true

  undici-types@6.21.0:
    resolution: {integrity: sha512-iwDZqg0QAGrg9Rav5H4n0M64c3mkR59cJ6wQp+7C4nI0gsmExaedaYLNO44eT4AtBBwjbTiGPMlt2Md0T9H9JQ==}

  webidl-conversions@3.0.1:
    resolution: {integrity: sha512-2JAn3z8AR6rjK8Sm8orRC0h/bcl/DqL7tRPdGZ4I1CjdF+EaMLmYxBHyXuKL849eucPFhvBoxMsflfOb8kxaeQ==}

  whatwg-url@5.0.0:
    resolution: {integrity: sha512-saE57nupxk6v3HY35+jzBwYa0rKSy0XR8JSxZPwgLr7ys0IBzhGviA1/TUGJLmSVqs8pb9AnvICXEuOHLprYTw==}

  ws@8.20.0:
    resolution: {integrity: sha512-sAt8BhgNbzCtgGbt2OxmpuryO63ZoDk/sqaB/znQm94T4fCEsy/yV+7CdC1kJhOU9lboAEU7R3kquuycDoibVA==}
    engines: {node: '>=10.0.0'}
    peerDependencies:
      bufferutil: ^4.0.1
      utf-8-validate: '>=5.0.2'
    peerDependenciesMeta:
      bufferutil:
        optional: true
      utf-8-validate:
        optional: true

snapshots:

  '@d-fischer/cache-decorators@4.0.1':
    dependencies:
      '@d-fischer/shared-utils': 3.6.4
      tslib: 2.8.1

  '@d-fischer/connection@10.0.1':
    dependencies:
      '@d-fischer/isomorphic-ws': 7.0.2(ws@8.20.0)
      '@d-fischer/logger': 4.2.4
      '@d-fischer/shared-utils': 3.6.4
      '@d-fischer/typed-event-emitter': 3.3.3
      '@types/node': 20.19.39
      '@types/ws': 8.18.1
      tslib: 2.8.1
      ws: 8.20.0
    transitivePeerDependencies:
      - bufferutil
      - utf-8-validate

  '@d-fischer/connection@9.0.0':
    dependencies:
      '@d-fischer/isomorphic-ws': 7.0.2(ws@8.20.0)
      '@d-fischer/logger': 4.2.4
      '@d-fischer/shared-utils': 3.6.4
      '@d-fischer/typed-event-emitter': 3.3.3
      '@types/ws': 8.18.1
      tslib: 2.8.1
      ws: 8.20.0
    transitivePeerDependencies:
      - bufferutil
      - utf-8-validate

  '@d-fischer/cross-fetch@5.0.5':
    dependencies:
      node-fetch: 2.7.0
    transitivePeerDependencies:
      - encoding

  '@d-fischer/deprecate@2.0.2': {}

  '@d-fischer/detect-node@3.0.1': {}

  '@d-fischer/escape-string-regexp@5.0.0': {}

  '@d-fischer/isomorphic-ws@7.0.2(ws@8.20.0)':
    dependencies:
      ws: 8.20.0

  '@d-fischer/logger@4.2.4':
    dependencies:
      '@d-fischer/detect-node': 3.0.1
      '@d-fischer/shared-utils': 3.6.4
      tslib: 2.8.1

  '@d-fischer/qs@7.0.2': {}

  '@d-fischer/rate-limiter@1.1.0':
    dependencies:
      '@d-fischer/logger': 4.2.4
      '@d-fischer/shared-utils': 3.6.4
      tslib: 2.8.1

  '@d-fischer/shared-utils@3.6.4':
    dependencies:
      tslib: 2.8.1

  '@d-fischer/typed-event-emitter@3.3.3':
    dependencies:
      tslib: 2.8.1

  '@emnapi/runtime@1.9.2':
    dependencies:
      tslib: 2.8.1
    optional: true

  '@img/colour@1.1.0': {}

  '@img/sharp-darwin-arm64@0.34.5':
    optionalDependencies:
      '@img/sharp-libvips-darwin-arm64': 1.2.4
    optional: true

  '@img/sharp-darwin-x64@0.34.5':
    optionalDependencies:
      '@img/sharp-libvips-darwin-x64': 1.2.4
    optional: true

  '@img/sharp-libvips-darwin-arm64@1.2.4':
    optional: true

  '@img/sharp-libvips-darwin-x64@1.2.4':
    optional: true

  '@img/sharp-libvips-linux-arm64@1.2.4':
    optional: true

  '@img/sharp-libvips-linux-arm@1.2.4':
    optional: true

  '@img/sharp-libvips-linux-ppc64@1.2.4':
    optional: true

  '@img/sharp-libvips-linux-riscv64@1.2.4':
    optional: true

  '@img/sharp-libvips-linux-s390x@1.2.4':
    optional: true

  '@img/sharp-libvips-linux-x64@1.2.4':
    optional: true

  '@img/sharp-libvips-linuxmusl-arm64@1.2.4':
    optional: true

  '@img/sharp-libvips-linuxmusl-x64@1.2.4':
    optional: true

  '@img/sharp-linux-arm64@0.34.5':
    optionalDependencies:
      '@img/sharp-libvips-linux-arm64': 1.2.4
    optional: true

  '@img/sharp-linux-arm@0.34.5':
    optionalDependencies:
      '@img/sharp-libvips-linux-arm': 1.2.4
    optional: true

  '@img/sharp-linux-ppc64@0.34.5':
    optionalDependencies:
      '@img/sharp-libvips-linux-ppc64': 1.2.4
    optional: true

  '@img/sharp-linux-riscv64@0.34.5':
    optionalDependencies:
      '@img/sharp-libvips-linux-riscv64': 1.2.4
    optional: true

  '@img/sharp-linux-s390x@0.34.5':
    optionalDependencies:
      '@img/sharp-libvips-linux-s390x': 1.2.4
    optional: true

  '@img/sharp-linux-x64@0.34.5':
    optionalDependencies:
      '@img/sharp-libvips-linux-x64': 1.2.4
    optional: true

  '@img/sharp-linuxmusl-arm64@0.34.5':
    optionalDependencies:
      '@img/sharp-libvips-linuxmusl-arm64': 1.2.4
    optional: true

  '@img/sharp-linuxmusl-x64@0.34.5':
    optionalDependencies:
      '@img/sharp-libvips-linuxmusl-x64': 1.2.4
    optional: true

  '@img/sharp-wasm32@0.34.5':
    dependencies:
      '@emnapi/runtime': 1.9.2
    optional: true

  '@img/sharp-win32-arm64@0.34.5':
    optional: true

  '@img/sharp-win32-ia32@0.34.5':
    optional: true

  '@img/sharp-win32-x64@0.34.5':
    optional: true

  '@napi-rs/canvas-android-arm64@0.1.97':
    optional: true

  '@napi-rs/canvas-darwin-arm64@0.1.97':
    optional: true

  '@napi-rs/canvas-darwin-x64@0.1.97':
    optional: true

  '@napi-rs/canvas-linux-arm-gnueabihf@0.1.97':
    optional: true

  '@napi-rs/canvas-linux-arm64-gnu@0.1.97':
    optional: true

  '@napi-rs/canvas-linux-arm64-musl@0.1.97':
    optional: true

  '@napi-rs/canvas-linux-riscv64-gnu@0.1.97':
    optional: true

  '@napi-rs/canvas-linux-x64-gnu@0.1.97':
    optional: true

  '@napi-rs/canvas-linux-x64-musl@0.1.97':
    optional: true

  '@napi-rs/canvas-win32-arm64-msvc@0.1.97':
    optional: true

  '@napi-rs/canvas-win32-x64-msvc@0.1.97':
    optional: true

  '@napi-rs/canvas@0.1.97':
    optionalDependencies:
      '@napi-rs/canvas-android-arm64': 0.1.97
      '@napi-rs/canvas-darwin-arm64': 0.1.97
      '@napi-rs/canvas-darwin-x64': 0.1.97
      '@napi-rs/canvas-linux-arm-gnueabihf': 0.1.97
      '@napi-rs/canvas-linux-arm64-gnu': 0.1.97
      '@napi-rs/canvas-linux-arm64-musl': 0.1.97
      '@napi-rs/canvas-linux-riscv64-gnu': 0.1.97
      '@napi-rs/canvas-linux-x64-gnu': 0.1.97
      '@napi-rs/canvas-linux-x64-musl': 0.1.97
      '@napi-rs/canvas-win32-arm64-msvc': 0.1.97
      '@napi-rs/canvas-win32-x64-msvc': 0.1.97

  '@twurple/api-call@7.4.0':
    dependencies:
      '@d-fischer/cross-fetch': 5.0.5
      '@d-fischer/qs': 7.0.2
      '@d-fischer/shared-utils': 3.6.4
      '@twurple/common': 7.4.0
      tslib: 2.8.1
    transitivePeerDependencies:
      - encoding

  '@twurple/api@7.4.0(@twurple/auth@7.4.0)':
    dependencies:
      '@d-fischer/cache-decorators': 4.0.1
      '@d-fischer/cross-fetch': 5.0.5
      '@d-fischer/detect-node': 3.0.1
      '@d-fischer/logger': 4.2.4
      '@d-fischer/rate-limiter': 1.1.0
      '@d-fischer/shared-utils': 3.6.4
      '@d-fischer/typed-event-emitter': 3.3.3
      '@twurple/api-call': 7.4.0
      '@twurple/auth': 7.4.0
      '@twurple/common': 7.4.0
      retry: 0.13.1
      tslib: 2.8.1
    transitivePeerDependencies:
      - encoding

  '@twurple/auth@7.4.0':
    dependencies:
      '@d-fischer/logger': 4.2.4
      '@d-fischer/shared-utils': 3.6.4
      '@d-fischer/typed-event-emitter': 3.3.3
      '@twurple/api-call': 7.4.0
      '@twurple/common': 7.4.0
      tslib: 2.8.1
    transitivePeerDependencies:
      - encoding

  '@twurple/chat@7.4.0(@twurple/auth@7.4.0)':
    dependencies:
      '@d-fischer/cache-decorators': 4.0.1
      '@d-fischer/deprecate': 2.0.2
      '@d-fischer/logger': 4.2.4
      '@d-fischer/rate-limiter': 1.1.0
      '@d-fischer/shared-utils': 3.6.4
      '@d-fischer/typed-event-emitter': 3.3.3
      '@twurple/auth': 7.4.0
      '@twurple/common': 7.4.0
      ircv3: 0.33.1
      tslib: 2.8.1
    transitivePeerDependencies:
      - bufferutil
      - utf-8-validate

  '@twurple/common@7.4.0':
    dependencies:
      '@d-fischer/shared-utils': 3.6.4
      klona: 2.0.6
      tslib: 2.8.1

  '@twurple/eventsub-base@7.4.0':
    dependencies:
      '@d-fischer/logger': 4.2.4
      '@d-fischer/shared-utils': 3.6.4
      '@d-fischer/typed-event-emitter': 3.3.3
      '@twurple/api': 7.4.0(@twurple/auth@7.4.0)
      '@twurple/auth': 7.4.0
      '@twurple/common': 7.4.0
      tslib: 2.8.1
    transitivePeerDependencies:
      - encoding

  '@twurple/eventsub-ws@7.4.0(@twurple/api@7.4.0(@twurple/auth@7.4.0))':
    dependencies:
      '@d-fischer/connection': 9.0.0
      '@d-fischer/logger': 4.2.4
      '@d-fischer/shared-utils': 3.6.4
      '@d-fischer/typed-event-emitter': 3.3.3
      '@twurple/api': 7.4.0(@twurple/auth@7.4.0)
      '@twurple/auth': 7.4.0
      '@twurple/common': 7.4.0
      '@twurple/eventsub-base': 7.4.0
      tslib: 2.8.1
    transitivePeerDependencies:
      - bufferutil
      - encoding
      - utf-8-validate

  '@types/node@20.19.39':
    dependencies:
      undici-types: 6.21.0

  '@types/node@22.19.17':
    dependencies:
      undici-types: 6.21.0

  '@types/ws@8.18.1':
    dependencies:
      '@types/node': 22.19.17

  detect-libc@2.1.2: {}

  ircv3@0.33.1:
    dependencies:
      '@d-fischer/connection': 10.0.1
      '@d-fischer/escape-string-regexp': 5.0.0
      '@d-fischer/logger': 4.2.4
      '@d-fischer/shared-utils': 3.6.4
      '@d-fischer/typed-event-emitter': 3.3.3
      klona: 2.0.6
      tslib: 2.8.1
    transitivePeerDependencies:
      - bufferutil
      - utf-8-validate

  klona@2.0.6: {}

  node-fetch@2.7.0:
    dependencies:
      whatwg-url: 5.0.0

  retry@0.13.1: {}

  semver@7.7.4: {}

  sharp@0.34.5:
    dependencies:
      '@img/colour': 1.1.0
      detect-libc: 2.1.2
      semver: 7.7.4
    optionalDependencies:
      '@img/sharp-darwin-arm64': 0.34.5
      '@img/sharp-darwin-x64': 0.34.5
      '@img/sharp-libvips-darwin-arm64': 1.2.4
      '@img/sharp-libvips-darwin-x64': 1.2.4
      '@img/sharp-libvips-linux-arm': 1.2.4
      '@img/sharp-libvips-linux-arm64': 1.2.4
      '@img/sharp-libvips-linux-ppc64': 1.2.4
      '@img/sharp-libvips-linux-riscv64': 1.2.4
      '@img/sharp-libvips-linux-s390x': 1.2.4
      '@img/sharp-libvips-linux-x64': 1.2.4
      '@img/sharp-libvips-linuxmusl-arm64': 1.2.4
      '@img/sharp-libvips-linuxmusl-x64': 1.2.4
      '@img/sharp-linux-arm': 0.34.5
      '@img/sharp-linux-arm64': 0.34.5
      '@img/sharp-linux-ppc64': 0.34.5
      '@img/sharp-linux-riscv64': 0.34.5
      '@img/sharp-linux-s390x': 0.34.5
      '@img/sharp-linux-x64': 0.34.5
      '@img/sharp-linuxmusl-arm64': 0.34.5
      '@img/sharp-linuxmusl-x64': 0.34.5
      '@img/sharp-wasm32': 0.34.5
      '@img/sharp-win32-arm64': 0.34.5
      '@img/sharp-win32-ia32': 0.34.5
      '@img/sharp-win32-x64': 0.34.5

  tr46@0.0.3: {}

  tslib@2.8.1: {}

  typescript@5.9.3: {}

  undici-types@6.21.0: {}

  webidl-conversions@3.0.1: {}

  whatwg-url@5.0.0:
    dependencies:
      tr46: 0.0.3
      webidl-conversions: 3.0.1

  ws@8.20.0: {}
